
Microsoft Visual Studio Solution File, Format Version 12.00
# Visual Studio Version 16
VisualStudioVersion = 16.0.31025.194
MinimumVisualStudioVersion = 10.0.40219.1
Project("{9A19103F-16F7-4668-BE54-9A1E7A4F7556}") = "SharedSelenium.Helpers", "src\code\SharedSelenium.Helpers.csproj", "{96614A82-0EF6-4EFE-A67C-AC373C657BC3}"
EndProject
Project("{2150E333-8FDC-42A3-9474-1A3956D46DE8}") = "Do", "Do", "{60B3A60C-3D6A-4561-A5F0-549A1373C663}"
	ProjectSection(SolutionItems) = preProject
		README.md = README.md
	EndProjectSection
EndProject
Global
	GlobalSection(SolutionConfigurationPlatforms) = preSolution
		Debug|Any CPU = Debug|Any CPU
		Release|Any CPU = Release|Any CPU
	EndGlobalSection
	GlobalSection(ProjectConfigurationPlatforms) = postSolution
		{96614A82-0EF6-4EFE-A67C-AC373C657BC3}.Debug|Any CPU.ActiveCfg = Debug|Any CPU
		{96614A82-0EF6-4EFE-A67C-AC373C657BC3}.Debug|Any CPU.Build.0 = Debug|Any CPU
		{96614A82-0EF6-4EFE-A67C-AC373C657BC3}.Release|Any CPU.ActiveCfg = Release|Any CPU
		{96614A82-0EF6-4EFE-A67C-AC373C657BC3}.Release|Any CPU.Build.0 = Release|Any CPU
	EndGlobalSection
	GlobalSection(SolutionProperties) = preSolution
		HideSolutionNode = FALSE
	EndGlobalSection
	GlobalSection(ExtensibilityGlobals) = postSolution
		SolutionGuid = {3B5B3E20-DE01-4185-A193-998FBF440929}
	EndGlobalSection
EndGlobal
